
Microsoft Visual Studio Solution File, Format Version 12.00
# Visual Studio Version 16
VisualStudioVersion = 16.0.30804.86
MinimumVisualStudioVersion = 10.0.40219.1
Project("{00D1A9C2-B5F0-4AF3-8072-F6C62B433612}") = "JuanMartin.FileSystemBackup.Database", "JuanMartin.FileSystemBackup.Database.sqlproj", "{72FEE8C8-4638-491D-88AD-9D0E6DBFA786}"
EndProject
Project("{9A19103F-16F7-4668-BE54-9A1E7A4F7556}") = "JuanMartin.FileSystemBackup", "..\JuanMartin.FileSystemBackup.csproj", "{72925B01-634E-4CA2-9BBA-9C4D24DFB9E9}"
EndProject
Project("{FAE04EC0-301F-11D3-BF4B-00C04F79EFBC}") = "Kernel", "..\..\..\JuanMartin.Kernel\JuanMartin.Kernel\Kernel.csproj", "{451CB413-E70B-4F70-93E9-76100453A956}"
EndProject
Global
	GlobalSection(SolutionConfigurationPlatforms) = preSolution
		Debug|Any CPU = Debug|Any CPU
		Release|Any CPU = Release|Any CPU
	EndGlobalSection
	GlobalSection(ProjectConfigurationPlatforms) = postSolution
		{72FEE8C8-4638-491D-88AD-9D0E6DBFA786}.Debug|Any CPU.ActiveCfg = Debug|Any CPU
		{72FEE8C8-4638-491D-88AD-9D0E6DBFA786}.Debug|Any CPU.Build.0 = Debug|Any CPU
		{72FEE8C8-4638-491D-88AD-9D0E6DBFA786}.Debug|Any CPU.Deploy.0 = Debug|Any CPU
		{72FEE8C8-4638-491D-88AD-9D0E6DBFA786}.Release|Any CPU.ActiveCfg = Release|Any CPU
		{72FEE8C8-4638-491D-88AD-9D0E6DBFA786}.Release|Any CPU.Build.0 = Release|Any CPU
		{72FEE8C8-4638-491D-88AD-9D0E6DBFA786}.Release|Any CPU.Deploy.0 = Release|Any CPU
		{72925B01-634E-4CA2-9BBA-9C4D24DFB9E9}.Debug|Any CPU.ActiveCfg = Debug|Any CPU
		{72925B01-634E-4CA2-9BBA-9C4D24DFB9E9}.Debug|Any CPU.Build.0 = Debug|Any CPU
		{72925B01-634E-4CA2-9BBA-9C4D24DFB9E9}.Release|Any CPU.ActiveCfg = Release|Any CPU
		{72925B01-634E-4CA2-9BBA-9C4D24DFB9E9}.Release|Any CPU.Build.0 = Release|Any CPU
		{451CB413-E70B-4F70-93E9-76100453A956}.Debug|Any CPU.ActiveCfg = Debug|Any CPU
		{451CB413-E70B-4F70-93E9-76100453A956}.Debug|Any CPU.Build.0 = Debug|Any CPU
		{451CB413-E70B-4F70-93E9-76100453A956}.Release|Any CPU.ActiveCfg = Release|Any CPU
		{451CB413-E70B-4F70-93E9-76100453A956}.Release|Any CPU.Build.0 = Release|Any CPU
	EndGlobalSection
	GlobalSection(SolutionProperties) = preSolution
		HideSolutionNode = FALSE
	EndGlobalSection
	GlobalSection(ExtensibilityGlobals) = postSolution
		SolutionGuid = {A3B4CC88-7336-4C1C-AF33-9ED8F035DCA1}
	EndGlobalSection
EndGlobal
