
Microsoft Visual Studio Solution File, Format Version 12.00
# Visual Studio Version 16
VisualStudioVersion = 16.0.31129.286
MinimumVisualStudioVersion = 10.0.40219.1
Project("{FAE04EC0-301F-11D3-BF4B-00C04F79EFBC}") = "JuanMartin.EulerProjectSolver", "JuanMartin.EulerProjectSolver\JuanMartin.EulerProjectSolver.csproj", "{DBC07E90-8DCC-40AA-97DB-F615C29B3C51}"
EndProject
Project("{FAE04EC0-301F-11D3-BF4B-00C04F79EFBC}") = "JuanMartin.Kernel", "..\JuanMartin.Kernel\JuanMartin.Kernel\JuanMartin.Kernel.csproj", "{4515E3A1-F6B3-4AF5-AE75-BB9E214EC349}"
EndProject
Project("{FAE04EC0-301F-11D3-BF4B-00C04F79EFBC}") = "JuanMartin.Utilities", "..\JuanMartin.Utilities\JuanMartin.Utilities\JuanMartin.Utilities.csproj", "{DDCBAA7C-5961-491F-8861-32003E400304}"
EndProject
Project("{FAE04EC0-301F-11D3-BF4B-00C04F79EFBC}") = "JuanMartin.Models", "..\JuanMartin.Models\JuanMartin.Models\JuanMartin.Models.csproj", "{6B59DE41-40F5-41C0-98CD-3393D463C757}"
EndProject
Project("{FAE04EC0-301F-11D3-BF4B-00C04F79EFBC}") = "JuanMartin.Sandbox", "JuanMartin.Sandbox\JuanMartin.Sandbox.csproj", "{B054686F-FF22-494B-AC3E-5EF19B763834}"
EndProject
Project("{FAE04EC0-301F-11D3-BF4B-00C04F79EFBC}") = "JuanMartin.FileSystemBackup", "JuanMartin.FileSystemBackup\JuanMartin.FileSystemBackup.csproj", "{43FBA8DC-DBD4-457B-97D2-A511181BD81B}"
EndProject
Project("{FAE04EC0-301F-11D3-BF4B-00C04F79EFBC}") = "JuanMartin.LabeMaker", "JuanMartin.LabeMaker\JuanMartin.LabeMaker.csproj", "{434DF90A-C247-45C1-A27F-36484EB5072B}"
EndProject
Project("{2150E333-8FDC-42A3-9474-1A3956D46DE8}") = "Solution Items", "Solution Items", "{41CF4FFE-E93C-4C62-9514-78AFC0ED1CAF}"
	ProjectSection(SolutionItems) = preProject
		.editorconfig = .editorconfig
	EndProjectSection
EndProject
Global
	GlobalSection(SolutionConfigurationPlatforms) = preSolution
		Debug|Any CPU = Debug|Any CPU
		Release|Any CPU = Release|Any CPU
	EndGlobalSection
	GlobalSection(ProjectConfigurationPlatforms) = postSolution
		{DBC07E90-8DCC-40AA-97DB-F615C29B3C51}.Debug|Any CPU.ActiveCfg = Debug|Any CPU
		{DBC07E90-8DCC-40AA-97DB-F615C29B3C51}.Debug|Any CPU.Build.0 = Debug|Any CPU
		{DBC07E90-8DCC-40AA-97DB-F615C29B3C51}.Release|Any CPU.ActiveCfg = Release|Any CPU
		{DBC07E90-8DCC-40AA-97DB-F615C29B3C51}.Release|Any CPU.Build.0 = Release|Any CPU
		{4515E3A1-F6B3-4AF5-AE75-BB9E214EC349}.Debug|Any CPU.ActiveCfg = Debug|Any CPU
		{4515E3A1-F6B3-4AF5-AE75-BB9E214EC349}.Debug|Any CPU.Build.0 = Debug|Any CPU
		{4515E3A1-F6B3-4AF5-AE75-BB9E214EC349}.Release|Any CPU.ActiveCfg = Release|Any CPU
		{4515E3A1-F6B3-4AF5-AE75-BB9E214EC349}.Release|Any CPU.Build.0 = Release|Any CPU
		{DDCBAA7C-5961-491F-8861-32003E400304}.Debug|Any CPU.ActiveCfg = Debug|Any CPU
		{DDCBAA7C-5961-491F-8861-32003E400304}.Debug|Any CPU.Build.0 = Debug|Any CPU
		{DDCBAA7C-5961-491F-8861-32003E400304}.Release|Any CPU.ActiveCfg = Release|Any CPU
		{DDCBAA7C-5961-491F-8861-32003E400304}.Release|Any CPU.Build.0 = Release|Any CPU
		{6B59DE41-40F5-41C0-98CD-3393D463C757}.Debug|Any CPU.ActiveCfg = Debug|Any CPU
		{6B59DE41-40F5-41C0-98CD-3393D463C757}.Debug|Any CPU.Build.0 = Debug|Any CPU
		{6B59DE41-40F5-41C0-98CD-3393D463C757}.Release|Any CPU.ActiveCfg = Release|Any CPU
		{6B59DE41-40F5-41C0-98CD-3393D463C757}.Release|Any CPU.Build.0 = Release|Any CPU
		{B054686F-FF22-494B-AC3E-5EF19B763834}.Debug|Any CPU.ActiveCfg = Debug|Any CPU
		{B054686F-FF22-494B-AC3E-5EF19B763834}.Debug|Any CPU.Build.0 = Debug|Any CPU
		{B054686F-FF22-494B-AC3E-5EF19B763834}.Release|Any CPU.ActiveCfg = Release|Any CPU
		{B054686F-FF22-494B-AC3E-5EF19B763834}.Release|Any CPU.Build.0 = Release|Any CPU
		{43FBA8DC-DBD4-457B-97D2-A511181BD81B}.Debug|Any CPU.ActiveCfg = Debug|Any CPU
		{43FBA8DC-DBD4-457B-97D2-A511181BD81B}.Debug|Any CPU.Build.0 = Debug|Any CPU
		{43FBA8DC-DBD4-457B-97D2-A511181BD81B}.Release|Any CPU.ActiveCfg = Release|Any CPU
		{43FBA8DC-DBD4-457B-97D2-A511181BD81B}.Release|Any CPU.Build.0 = Release|Any CPU
		{434DF90A-C247-45C1-A27F-36484EB5072B}.Debug|Any CPU.ActiveCfg = Debug|Any CPU
		{434DF90A-C247-45C1-A27F-36484EB5072B}.Debug|Any CPU.Build.0 = Debug|Any CPU
		{434DF90A-C247-45C1-A27F-36484EB5072B}.Release|Any CPU.ActiveCfg = Release|Any CPU
		{434DF90A-C247-45C1-A27F-36484EB5072B}.Release|Any CPU.Build.0 = Release|Any CPU
	EndGlobalSection
	GlobalSection(SolutionProperties) = preSolution
		HideSolutionNode = FALSE
	EndGlobalSection
	GlobalSection(ExtensibilityGlobals) = postSolution
		SolutionGuid = {EABD17A7-FF07-4B07-80FD-E7C6AEB17995}
	EndGlobalSection
EndGlobal
