
Microsoft Visual Studio Solution File, Format Version 12.00
# Visual Studio Version 16
VisualStudioVersion = 16.0.30011.22
MinimumVisualStudioVersion = 10.0.40219.1
Project("{9A19103F-16F7-4668-BE54-9A1E7A4F7556}") = "JuanMartin.LabeMaker", "JuanMartin.LabeMaker\JuanMartin.LabeMaker.csproj", "{CF1C0C3B-ACB8-4CBF-9E80-6B269C792B38}"
	ProjectSection(ProjectDependencies) = postProject
		{4699B235-16D5-4BA4-843D-D9D67CF09581} = {4699B235-16D5-4BA4-843D-D9D67CF09581}
	EndProjectSection
EndProject
Project("{FAE04EC0-301F-11D3-BF4B-00C04F79EFBC}") = "JuanMartin.EulerProjectSolver", "JuanMartin.EulerProjectSolver\JuanMartin.EulerProjectSolver.csproj", "{3F458914-7358-4392-83A4-B679154565E5}"
EndProject
Project("{FAE04EC0-301F-11D3-BF4B-00C04F79EFBC}") = "Kernel", "..\JuanMartin.Kernel\JuanMartin.Kernel\Kernel.csproj", "{451CB413-E70B-4F70-93E9-76100453A956}"
EndProject
Project("{FAE04EC0-301F-11D3-BF4B-00C04F79EFBC}") = "Utilities", "..\JuanMartin.Utilities\JuanMartin.Utilities\Utilities.csproj", "{7E98C079-4E82-4A3F-8BD1-0BB0EFED02BF}"
	ProjectSection(ProjectDependencies) = postProject
		{451CB413-E70B-4F70-93E9-76100453A956} = {451CB413-E70B-4F70-93E9-76100453A956}
	EndProjectSection
EndProject
Project("{2150E333-8FDC-42A3-9474-1A3956D46DE8}") = "Solution Items", "Solution Items", "{E5F62199-FEB7-482F-B682-9692C5C6AE9A}"
	ProjectSection(SolutionItems) = preProject
		.editorconfig = .editorconfig
	EndProjectSection
EndProject
Project("{9A19103F-16F7-4668-BE54-9A1E7A4F7556}") = "JuanMartin.RestApiClient", "..\JuanMartin.Api\JuanMartin.RestClient\JuanMartin.RestApiClient.csproj", "{4699B235-16D5-4BA4-843D-D9D67CF09581}"
EndProject
Project("{9A19103F-16F7-4668-BE54-9A1E7A4F7556}") = "JuanMartin.Sandbox", "JuanMartin.Sandbox\JuanMartin.Sandbox.csproj", "{E944DEC6-7C0A-4532-B81B-1FC474888CCB}"
EndProject
Project("{FAE04EC0-301F-11D3-BF4B-00C04F79EFBC}") = "JuanMartin.Utilities.Tests", "JuanMartin.Utilities.Tests\JuanMartin.Utilities.Tests.csproj", "{0BD96DF1-B9C8-445A-A208-6A215AFA060B}"
EndProject
Project("{9A19103F-16F7-4668-BE54-9A1E7A4F7556}") = "JuanMartin.FileSystemBackup", "JuanMartin.FileSystemBackup\JuanMartin.FileSystemBackup.csproj", "{84BA0193-DC60-41F3-BE20-CB010ED507FC}"
EndProject
Global
	GlobalSection(SolutionConfigurationPlatforms) = preSolution
		Debug|Any CPU = Debug|Any CPU
		Release|Any CPU = Release|Any CPU
	EndGlobalSection
	GlobalSection(ProjectConfigurationPlatforms) = postSolution
		{CF1C0C3B-ACB8-4CBF-9E80-6B269C792B38}.Debug|Any CPU.ActiveCfg = Debug|Any CPU
		{CF1C0C3B-ACB8-4CBF-9E80-6B269C792B38}.Debug|Any CPU.Build.0 = Debug|Any CPU
		{CF1C0C3B-ACB8-4CBF-9E80-6B269C792B38}.Release|Any CPU.ActiveCfg = Release|Any CPU
		{CF1C0C3B-ACB8-4CBF-9E80-6B269C792B38}.Release|Any CPU.Build.0 = Release|Any CPU
		{3F458914-7358-4392-83A4-B679154565E5}.Debug|Any CPU.ActiveCfg = Debug|Any CPU
		{3F458914-7358-4392-83A4-B679154565E5}.Debug|Any CPU.Build.0 = Debug|Any CPU
		{3F458914-7358-4392-83A4-B679154565E5}.Release|Any CPU.ActiveCfg = Release|Any CPU
		{3F458914-7358-4392-83A4-B679154565E5}.Release|Any CPU.Build.0 = Release|Any CPU
		{451CB413-E70B-4F70-93E9-76100453A956}.Debug|Any CPU.ActiveCfg = Debug|Any CPU
		{451CB413-E70B-4F70-93E9-76100453A956}.Debug|Any CPU.Build.0 = Debug|Any CPU
		{451CB413-E70B-4F70-93E9-76100453A956}.Release|Any CPU.ActiveCfg = Release|Any CPU
		{451CB413-E70B-4F70-93E9-76100453A956}.Release|Any CPU.Build.0 = Release|Any CPU
		{7E98C079-4E82-4A3F-8BD1-0BB0EFED02BF}.Debug|Any CPU.ActiveCfg = Debug|Any CPU
		{7E98C079-4E82-4A3F-8BD1-0BB0EFED02BF}.Debug|Any CPU.Build.0 = Debug|Any CPU
		{7E98C079-4E82-4A3F-8BD1-0BB0EFED02BF}.Release|Any CPU.ActiveCfg = Release|Any CPU
		{7E98C079-4E82-4A3F-8BD1-0BB0EFED02BF}.Release|Any CPU.Build.0 = Release|Any CPU
		{4699B235-16D5-4BA4-843D-D9D67CF09581}.Debug|Any CPU.ActiveCfg = Debug|Any CPU
		{4699B235-16D5-4BA4-843D-D9D67CF09581}.Debug|Any CPU.Build.0 = Debug|Any CPU
		{4699B235-16D5-4BA4-843D-D9D67CF09581}.Release|Any CPU.ActiveCfg = Release|Any CPU
		{4699B235-16D5-4BA4-843D-D9D67CF09581}.Release|Any CPU.Build.0 = Release|Any CPU
		{E944DEC6-7C0A-4532-B81B-1FC474888CCB}.Debug|Any CPU.ActiveCfg = Debug|Any CPU
		{E944DEC6-7C0A-4532-B81B-1FC474888CCB}.Debug|Any CPU.Build.0 = Debug|Any CPU
		{E944DEC6-7C0A-4532-B81B-1FC474888CCB}.Release|Any CPU.ActiveCfg = Release|Any CPU
		{E944DEC6-7C0A-4532-B81B-1FC474888CCB}.Release|Any CPU.Build.0 = Release|Any CPU
		{0BD96DF1-B9C8-445A-A208-6A215AFA060B}.Debug|Any CPU.ActiveCfg = Debug|Any CPU
		{0BD96DF1-B9C8-445A-A208-6A215AFA060B}.Debug|Any CPU.Build.0 = Debug|Any CPU
		{0BD96DF1-B9C8-445A-A208-6A215AFA060B}.Release|Any CPU.ActiveCfg = Release|Any CPU
		{0BD96DF1-B9C8-445A-A208-6A215AFA060B}.Release|Any CPU.Build.0 = Release|Any CPU
		{84BA0193-DC60-41F3-BE20-CB010ED507FC}.Debug|Any CPU.ActiveCfg = Debug|Any CPU
		{84BA0193-DC60-41F3-BE20-CB010ED507FC}.Debug|Any CPU.Build.0 = Debug|Any CPU
		{84BA0193-DC60-41F3-BE20-CB010ED507FC}.Release|Any CPU.ActiveCfg = Release|Any CPU
		{84BA0193-DC60-41F3-BE20-CB010ED507FC}.Release|Any CPU.Build.0 = Release|Any CPU
	EndGlobalSection
	GlobalSection(SolutionProperties) = preSolution
		HideSolutionNode = FALSE
	EndGlobalSection
	GlobalSection(ExtensibilityGlobals) = postSolution
		SolutionGuid = {6289EF64-730C-490E-914D-C78915329CE8}
	EndGlobalSection
EndGlobal
